{
    "compileClasspath": {
        "com.google.code.findbugs:annotations": {
            "firstLevelTransitive": [
                "com.netflix.ribbon:ribbon-archaius",
                "com.netflix.ribbon:ribbon-core"
            ],
            "locked": "2.0.0"
        },
        "com.google.guava:guava": {
            "firstLevelTransitive": [
                "com.netflix.ribbon:ribbon-archaius",
                "com.netflix.ribbon:ribbon-core",
                "com.netflix.ribbon:ribbon-loadbalancer"
            ],
            "locked": "19.0"
        },
        "com.netflix.archaius:archaius-core": {
            "firstLevelTransitive": [
                "com.netflix.ribbon:ribbon-archaius"
            ],
            "locked": "0.7.6"
        },
        "com.netflix.netflix-commons:netflix-commons-util": {
            "firstLevelTransitive": [
                "com.netflix.ribbon:ribbon-loadbalancer"
            ],
            "locked": "0.1.1"
        },
        "com.netflix.netflix-commons:netflix-statistics": {
            "firstLevelTransitive": [
                "com.netflix.ribbon:ribbon-loadbalancer"
            ],
            "locked": "0.1.1"
        },
        "com.netflix.ribbon:ribbon-archaius": {
            "project": true
        },
        "com.netflix.ribbon:ribbon-core": {
            "firstLevelTransitive": [
                "com.netflix.ribbon:ribbon-archaius",
                "com.netflix.ribbon:ribbon-loadbalancer"
            ],
            "project": true
        },
        "com.netflix.ribbon:ribbon-loadbalancer": {
            "project": true
        },
        "com.netflix.spectator:spectator-api": {
            "firstLevelTransitive": [
                "com.netflix.ribbon:ribbon-loadbalancer"
            ],
            "locked": "1.7.0"
        },
        "commons-configuration:commons-configuration": {
            "firstLevelTransitive": [
                "com.netflix.ribbon:ribbon-archaius"
            ],
            "locked": "1.8"
        },
        "commons-lang:commons-lang": {
            "firstLevelTransitive": [
                "com.netflix.ribbon:ribbon-archaius",
                "com.netflix.ribbon:ribbon-core"
            ],
            "locked": "2.6"
        },
        "io.netty:netty-codec-http": {
            "locked": "4.0.27.Final"
        },
        "io.reactivex:rxjava": {
            "firstLevelTransitive": [
                "com.netflix.ribbon:ribbon-loadbalancer"
            ],
            "locked": "1.0.9"
        },
        "io.reactivex:rxnetty": {
            "locked": "0.4.9"
        },
        "io.reactivex:rxnetty-contexts": {
            "locked": "0.4.9"
        },
        "io.reactivex:rxnetty-servo": {
            "locked": "0.4.9"
        },
        "javax.inject:javax.inject": {
            "locked": "1"
        },
        "org.slf4j:slf4j-api": {
            "firstLevelTransitive": [
                "com.netflix.ribbon:ribbon-archaius",
                "com.netflix.ribbon:ribbon-core",
                "com.netflix.ribbon:ribbon-loadbalancer"
            ],
            "locked": "1.7.2"
        }
    },
    "runtimeClasspath": {
        "com.google.code.findbugs:annotations": {
            "firstLevelTransitive": [
                "com.netflix.ribbon:ribbon-archaius",
                "com.netflix.ribbon:ribbon-core"
            ],
            "locked": "2.0.0"
        },
        "com.google.guava:guava": {
            "firstLevelTransitive": [
                "com.netflix.ribbon:ribbon-archaius",
                "com.netflix.ribbon:ribbon-core",
                "com.netflix.ribbon:ribbon-loadbalancer"
            ],
            "locked": "19.0"
        },
        "com.netflix.archaius:archaius-core": {
            "firstLevelTransitive": [
                "com.netflix.ribbon:ribbon-archaius"
            ],
            "locked": "0.7.6"
        },
        "com.netflix.netflix-commons:netflix-commons-util": {
            "firstLevelTransitive": [
                "com.netflix.ribbon:ribbon-loadbalancer"
            ],
            "locked": "0.1.1"
        },
        "com.netflix.netflix-commons:netflix-statistics": {
            "firstLevelTransitive": [
                "com.netflix.ribbon:ribbon-loadbalancer"
            ],
            "locked": "0.1.1"
        },
        "com.netflix.ribbon:ribbon-archaius": {
            "project": true
        },
        "com.netflix.ribbon:ribbon-core": {
            "firstLevelTransitive": [
                "com.netflix.ribbon:ribbon-archaius",
                "com.netflix.ribbon:ribbon-loadbalancer"
            ],
            "project": true
        },
        "com.netflix.ribbon:ribbon-loadbalancer": {
            "project": true
        },
        "com.netflix.spectator:spectator-api": {
            "firstLevelTransitive": [
                "com.netflix.ribbon:ribbon-loadbalancer"
            ],
            "locked": "1.7.0"
        },
        "commons-configuration:commons-configuration": {
            "firstLevelTransitive": [
                "com.netflix.ribbon:ribbon-archaius"
            ],
            "locked": "1.8"
        },
        "commons-lang:commons-lang": {
            "firstLevelTransitive": [
                "com.netflix.ribbon:ribbon-archaius",
                "com.netflix.ribbon:ribbon-core"
            ],
            "locked": "2.6"
        },
        "io.netty:netty-codec-http": {
            "locked": "4.0.27.Final"
        },
        "io.reactivex:rxjava": {
            "firstLevelTransitive": [
                "com.netflix.ribbon:ribbon-loadbalancer"
            ],
            "locked": "1.0.10"
        },
        "io.reactivex:rxnetty": {
            "locked": "0.4.9"
        },
        "io.reactivex:rxnetty-contexts": {
            "locked": "0.4.9"
        },
        "io.reactivex:rxnetty-servo": {
            "locked": "0.4.9"
        },
        "javax.inject:javax.inject": {
            "locked": "1"
        },
        "org.slf4j:slf4j-api": {
            "firstLevelTransitive": [
                "com.netflix.ribbon:ribbon-archaius",
                "com.netflix.ribbon:ribbon-core",
                "com.netflix.ribbon:ribbon-loadbalancer"
            ],
            "locked": "1.7.36"
        }
    },
    "testCompileClasspath": {
        "com.google.code.findbugs:annotations": {
            "firstLevelTransitive": [
                "com.netflix.ribbon:ribbon-archaius",
                "com.netflix.ribbon:ribbon-core",
                "com.netflix.ribbon:ribbon-eureka"
            ],
            "locked": "2.0.0"
        },
        "com.google.guava:guava": {
            "firstLevelTransitive": [
                "com.netflix.ribbon:ribbon-archaius",
                "com.netflix.ribbon:ribbon-core",
                "com.netflix.ribbon:ribbon-loadbalancer",
                "com.netflix.ribbon:ribbon-test"
            ],
            "locked": "19.0"
        },
        "com.google.mockwebserver:mockwebserver": {
            "locked": "20130706"
        },
        "com.netflix.archaius:archaius-core": {
            "firstLevelTransitive": [
                "com.netflix.ribbon:ribbon-archaius",
                "com.netflix.ribbon:ribbon-eureka"
            ],
            "locked": "0.7.6"
        },
        "com.netflix.eureka:eureka-client": {
            "firstLevelTransitive": [
                "com.netflix.ribbon:ribbon-eureka",
                "com.netflix.ribbon:ribbon-test"
            ],
            "locked": "1.7.2"
        },
        "com.netflix.netflix-commons:netflix-commons-util": {
            "firstLevelTransitive": [
                "com.netflix.ribbon:ribbon-loadbalancer"
            ],
            "locked": "0.1.1"
        },
        "com.netflix.netflix-commons:netflix-statistics": {
            "firstLevelTransitive": [
                "com.netflix.ribbon:ribbon-loadbalancer"
            ],
            "locked": "0.1.1"
        },
        "com.netflix.ribbon:ribbon-archaius": {
            "project": true
        },
        "com.netflix.ribbon:ribbon-core": {
            "firstLevelTransitive": [
                "com.netflix.ribbon:ribbon-archaius",
                "com.netflix.ribbon:ribbon-eureka",
                "com.netflix.ribbon:ribbon-loadbalancer",
                "com.netflix.ribbon:ribbon-test"
            ],
            "project": true
        },
        "com.netflix.ribbon:ribbon-eureka": {
            "firstLevelTransitive": [
                "com.netflix.ribbon:ribbon-test"
            ],
            "project": true
        },
        "com.netflix.ribbon:ribbon-loadbalancer": {
            "firstLevelTransitive": [
                "com.netflix.ribbon:ribbon-eureka",
                "com.netflix.ribbon:ribbon-test"
            ],
            "project": true
        },
        "com.netflix.ribbon:ribbon-test": {
            "project": true
        },
        "com.netflix.spectator:spectator-api": {
            "firstLevelTransitive": [
                "com.netflix.ribbon:ribbon-loadbalancer"
            ],
            "locked": "1.7.0"
        },
        "com.sun.jersey:jersey-server": {
            "locked": "1.19.1"
        },
        "commons-configuration:commons-configuration": {
            "firstLevelTransitive": [
                "com.netflix.ribbon:ribbon-archaius",
                "com.netflix.ribbon:ribbon-eureka"
            ],
            "locked": "1.8"
        },
        "commons-lang:commons-lang": {
            "firstLevelTransitive": [
                "com.netflix.ribbon:ribbon-archaius",
                "com.netflix.ribbon:ribbon-core"
            ],
            "locked": "2.6"
        },
        "io.netty:netty-codec-http": {
            "locked": "4.0.27.Final"
        },
        "io.reactivex:rxjava": {
            "firstLevelTransitive": [
                "com.netflix.ribbon:ribbon-loadbalancer",
                "com.netflix.ribbon:ribbon-test"
            ],
            "locked": "1.0.9"
        },
        "io.reactivex:rxnetty": {
            "locked": "0.4.9"
        },
        "io.reactivex:rxnetty-contexts": {
            "locked": "0.4.9"
        },
        "io.reactivex:rxnetty-servo": {
            "locked": "0.4.9"
        },
        "javax.inject:javax.inject": {
            "firstLevelTransitive": [
                "com.netflix.ribbon:ribbon-eureka"
            ],
            "locked": "1"
        },
        "javax.ws.rs:jsr311-api": {
            "firstLevelTransitive": [
                "com.netflix.ribbon:ribbon-test"
            ],
            "locked": "1.1.1"
        },
        "junit:junit": {
            "firstLevelTransitive": [
                "com.netflix.ribbon:ribbon-test"
            ],
            "locked": "4.12"
        },
        "org.codehaus.jackson:jackson-mapper-asl": {
            "firstLevelTransitive": [
                "com.netflix.ribbon:ribbon-test"
            ],
            "locked": "1.9.11"
        },
        "org.easymock:easymock": {
            "firstLevelTransitive": [
                "com.netflix.ribbon:ribbon-test"
            ],
            "locked": "3.2"
        },
        "org.powermock:powermock-easymock-release-full": {
            "firstLevelTransitive": [
                "com.netflix.ribbon:ribbon-test"
            ],
            "locked": "1.6.2"
        },
        "org.slf4j:slf4j-api": {
            "firstLevelTransitive": [
                "com.netflix.ribbon:ribbon-archaius",
                "com.netflix.ribbon:ribbon-core",
                "com.netflix.ribbon:ribbon-eureka",
                "com.netflix.ribbon:ribbon-loadbalancer"
            ],
            "locked": "1.7.2"
        },
        "org.slf4j:slf4j-log4j12": {
            "locked": "1.7.2"
        }
    },
    "testRuntimeClasspath": {
        "com.google.code.findbugs:annotations": {
            "firstLevelTransitive": [
                "com.netflix.ribbon:ribbon-archaius",
                "com.netflix.ribbon:ribbon-core",
                "com.netflix.ribbon:ribbon-eureka"
            ],
            "locked": "2.0.0"
        },
        "com.google.guava:guava": {
            "firstLevelTransitive": [
                "com.netflix.ribbon:ribbon-archaius",
                "com.netflix.ribbon:ribbon-core",
                "com.netflix.ribbon:ribbon-loadbalancer",
                "com.netflix.ribbon:ribbon-test"
            ],
            "locked": "19.0"
        },
        "com.google.mockwebserver:mockwebserver": {
            "locked": "20130706"
        },
        "com.netflix.archaius:archaius-core": {
            "firstLevelTransitive": [
                "com.netflix.ribbon:ribbon-archaius",
                "com.netflix.ribbon:ribbon-eureka"
            ],
            "locked": "0.7.6"
        },
        "com.netflix.eureka:eureka-client": {
            "firstLevelTransitive": [
                "com.netflix.ribbon:ribbon-eureka",
                "com.netflix.ribbon:ribbon-test"
            ],
            "locked": "1.7.2"
        },
        "com.netflix.netflix-commons:netflix-commons-util": {
            "firstLevelTransitive": [
                "com.netflix.ribbon:ribbon-loadbalancer"
            ],
            "locked": "0.1.1"
        },
        "com.netflix.netflix-commons:netflix-statistics": {
            "firstLevelTransitive": [
                "com.netflix.ribbon:ribbon-loadbalancer"
            ],
            "locked": "0.1.1"
        },
        "com.netflix.ribbon:ribbon-archaius": {
            "project": true
        },
        "com.netflix.ribbon:ribbon-core": {
            "firstLevelTransitive": [
                "com.netflix.ribbon:ribbon-archaius",
                "com.netflix.ribbon:ribbon-eureka",
                "com.netflix.ribbon:ribbon-loadbalancer",
                "com.netflix.ribbon:ribbon-test"
            ],
            "project": true
        },
        "com.netflix.ribbon:ribbon-eureka": {
            "firstLevelTransitive": [
                "com.netflix.ribbon:ribbon-test"
            ],
            "project": true
        },
        "com.netflix.ribbon:ribbon-loadbalancer": {
            "firstLevelTransitive": [
                "com.netflix.ribbon:ribbon-eureka",
                "com.netflix.ribbon:ribbon-test"
            ],
            "project": true
        },
        "com.netflix.ribbon:ribbon-test": {
            "project": true
        },
        "com.netflix.spectator:spectator-api": {
            "firstLevelTransitive": [
                "com.netflix.ribbon:ribbon-loadbalancer"
            ],
            "locked": "1.7.0"
        },
        "com.sun.jersey:jersey-server": {
            "locked": "1.19.1"
        },
        "commons-configuration:commons-configuration": {
            "firstLevelTransitive": [
                "com.netflix.ribbon:ribbon-archaius",
                "com.netflix.ribbon:ribbon-eureka"
            ],
            "locked": "1.8"
        },
        "commons-lang:commons-lang": {
            "firstLevelTransitive": [
                "com.netflix.ribbon:ribbon-archaius",
                "com.netflix.ribbon:ribbon-core"
            ],
            "locked": "2.6"
        },
        "io.netty:netty-codec-http": {
            "locked": "4.0.27.Final"
        },
        "io.reactivex:rxjava": {
            "firstLevelTransitive": [
                "com.netflix.ribbon:ribbon-loadbalancer",
                "com.netflix.ribbon:ribbon-test"
            ],
            "locked": "1.0.10"
        },
        "io.reactivex:rxnetty": {
            "locked": "0.4.9"
        },
        "io.reactivex:rxnetty-contexts": {
            "locked": "0.4.9"
        },
        "io.reactivex:rxnetty-servo": {
            "locked": "0.4.9"
        },
        "javax.inject:javax.inject": {
            "firstLevelTransitive": [
                "com.netflix.ribbon:ribbon-eureka"
            ],
            "locked": "1"
        },
        "javax.ws.rs:jsr311-api": {
            "firstLevelTransitive": [
                "com.netflix.ribbon:ribbon-test"
            ],
            "locked": "1.1.1"
        },
        "junit:junit": {
            "firstLevelTransitive": [
                "com.netflix.ribbon:ribbon-test"
            ],
            "locked": "4.12"
        },
        "org.codehaus.jackson:jackson-mapper-asl": {
            "firstLevelTransitive": [
                "com.netflix.ribbon:ribbon-test"
            ],
            "locked": "1.9.11"
        },
        "org.easymock:easymock": {
            "firstLevelTransitive": [
                "com.netflix.ribbon:ribbon-test"
            ],
            "locked": "3.2"
        },
        "org.powermock:powermock-easymock-release-full": {
            "firstLevelTransitive": [
                "com.netflix.ribbon:ribbon-test"
            ],
            "locked": "1.6.2"
        },
        "org.slf4j:slf4j-api": {
            "firstLevelTransitive": [
                "com.netflix.ribbon:ribbon-archaius",
                "com.netflix.ribbon:ribbon-core",
                "com.netflix.ribbon:ribbon-eureka",
                "com.netflix.ribbon:ribbon-loadbalancer"
            ],
            "locked": "1.7.36"
        },
        "org.slf4j:slf4j-log4j12": {
            "locked": "1.7.2"
        }
    }
}